{
  "name": "rsmq-promise",
  "version": "1.0.2",
  "lockfileVersion": 1,
  "requires": true,
  "dependencies": {
    "@types/node": {
      "version": "10.12.18",
      "resolved": "https://registry.npmjs.org/@types/node/-/node-10.12.18.tgz",
      "integrity": "sha512-fh+pAqt4xRzPfqA6eh3Z2y6fyZavRIumvjhaCL753+TVkGKGhpPeyrJG2JftD0T9q4GF00KjefsQ+PQNDdWQaQ=="
    },
    "@types/redis": {
      "version": "2.8.10",
      "resolved": "https://registry.npmjs.org/@types/redis/-/redis-2.8.10.tgz",
      "integrity": "sha512-X0NeV3ivoif2SPsmuPhwTkKfcr1fDJlaJIOyxZ9/TCIEbvzMzmZlstqCZ5r7AOolbOJtAfvuGArNXMexYYH3ng==",
      "requires": {
        "@types/node": "*"
      }
    },
    "bluebird": {
      "version": "3.5.3",
      "resolved": "https://registry.npmjs.org/bluebird/-/bluebird-3.5.3.tgz",
      "integrity": "sha512-/qKPUQlaW1OyR51WeCPBvRnAlnZFUJkCSG5HzGnuIqhgyJtF+T94lFnn33eiazjRm2LAHVy2guNnaq48X9SJuw=="
    },
    "double-ended-queue": {
      "version": "2.1.0-0",
      "resolved": "https://registry.npmjs.org/double-ended-queue/-/double-ended-queue-2.1.0-0.tgz",
      "integrity": "sha1-ED01J/0xUo9AGIEwyEHv3XgmTlw="
    },
    "lodash": {
      "version": "4.17.11",
      "resolved": "https://registry.npmjs.org/lodash/-/lodash-4.17.11.tgz",
      "integrity": "sha512-cQKh8igo5QUhZ7lg38DYWAxMvjSAKG0A8wGSVimP07SIUEK2UO+arSRKbRZWtelMtN5V0Hkwh5ryOto/SshYIg=="
    },
    "redis": {
      "version": "2.8.0",
      "resolved": "https://registry.npmjs.org/redis/-/redis-2.8.0.tgz",
      "integrity": "sha512-M1OkonEQwtRmZv4tEWF2VgpG0JWJ8Fv1PhlgT5+B+uNq2cA3Rt1Yt/ryoR+vQNOQcIEgdCdfH0jr3bDpihAw1A==",
      "requires": {
        "double-ended-queue": "^2.1.0-0",
        "redis-commands": "^1.2.0",
        "redis-parser": "^2.6.0"
      }
    },
    "redis-commands": {
      "version": "1.4.0",
      "resolved": "https://registry.npmjs.org/redis-commands/-/redis-commands-1.4.0.tgz",
      "integrity": "sha512-cu8EF+MtkwI4DLIT0x9P8qNTLFhQD4jLfxLR0cCNkeGzs87FN6879JOJwNQR/1zD7aSYNbU0hgsV9zGY71Itvw=="
    },
    "redis-parser": {
      "version": "2.6.0",
      "resolved": "https://registry.npmjs.org/redis-parser/-/redis-parser-2.6.0.tgz",
      "integrity": "sha1-Uu0J2srBCPGmMcB+m2mUHnoZUEs="
    },
    "rsmq": {
      "version": "0.9.3",
      "resolved": "https://registry.npmjs.org/rsmq/-/rsmq-0.9.3.tgz",
      "integrity": "sha512-Gf0dRJ+CkzGqrZ81TRok+YOtFOJdiX9bqvz28pT0ythA5gTkMxDrFWEuj937Ogd+fpWpnu+2Yc2ro/kr7tpPTg==",
      "requires": {
        "@types/redis": "^2.8.0",
        "lodash": "^4.17.10",
        "redis": "^2.8.0"
      }
    }
  }
}
